
Microsoft Visual Studio Solution File, Format Version 12.00
# Visual Studio Version 17
VisualStudioVersion = 17.3.32819.101
MinimumVisualStudioVersion = 10.0.40219.1
Project("{888888A0-9F3D-457C-B088-3A5042F75D52}") = "Task1", "Task1\Task1.pyproj", "{A4288C33-99E6-473E-A288-45ED7E52A550}"
EndProject
Project("{888888A0-9F3D-457C-B088-3A5042F75D52}") = "Task2", "Task2\Task2.pyproj", "{4B9A0B5A-B248-4858-992B-E4BFE4BB3077}"
EndProject
Global
	GlobalSection(SolutionConfigurationPlatforms) = preSolution
		Debug|Any CPU = Debug|Any CPU
		Release|Any CPU = Release|Any CPU
	EndGlobalSection
	GlobalSection(ProjectConfigurationPlatforms) = postSolution
		{A4288C33-99E6-473E-A288-45ED7E52A550}.Debug|Any CPU.ActiveCfg = Debug|Any CPU
		{A4288C33-99E6-473E-A288-45ED7E52A550}.Release|Any CPU.ActiveCfg = Release|Any CPU
		{4B9A0B5A-B248-4858-992B-E4BFE4BB3077}.Debug|Any CPU.ActiveCfg = Debug|Any CPU
		{4B9A0B5A-B248-4858-992B-E4BFE4BB3077}.Release|Any CPU.ActiveCfg = Release|Any CPU
	EndGlobalSection
	GlobalSection(SolutionProperties) = preSolution
		HideSolutionNode = FALSE
	EndGlobalSection
	GlobalSection(ExtensibilityGlobals) = postSolution
		SolutionGuid = {BCA66353-42E3-4A8E-AE77-CE3B28ED19AC}
	EndGlobalSection
EndGlobal
